{
  "version": 4,
  "terraform_version": "0.13.7",
  "serial": 375,
  "lineage": "1aad201f-f5e1-4086-926c-1a0d78127f6d",
  "outputs": {
    "cpc-batch-sg-id": {
      "value": "sg-05903335d8dacbac8",
      "type": "string"
    },
    "cpc-batch_efs_id": {
      "value": "fs-bf43d48b",
      "type": "string"
    }
  },
  "resources": [
    {
      "mode": "data",
      "type": "aws_ami",
      "name": "cpc-batch",
      "provider": "provider[\"registry.terraform.io/hashicorp/aws\"]",
      "instances": [
        {
          "schema_version": 0,
          "attributes": {
            "architecture": "x86_64",
            "arn": "arn:aws:ec2:eu-west-1::image/ami-007a146332acaeb06",
            "block_device_mappings": [
              {
                "device_name": "/dev/xvda",
                "ebs": {
                  "delete_on_termination": "true",
                  "encrypted": "false",
                  "iops": "3000",
                  "snapshot_id": "snap-08942100c5304612d",
                  "throughput": "125",
                  "volume_size": "16",
                  "volume_type": "gp3"
                },
                "no_device": "",
                "virtual_name": ""
              }
            ],
            "creation_date": "2021-08-12T11:46:16.000Z",
            "description": null,
            "ena_support": true,
            "executable_users": null,
            "filter": [
              {
                "name": "name",
                "values": [
                  "tars-amzn2-cpc-batch/63cd3b29-744a9223"
                ]
              },
              {
                "name": "state",
                "values": [
                  "available"
                ]
              }
            ],
            "hypervisor": "xen",
            "id": "ami-007a146332acaeb06",
            "image_id": "ami-007a146332acaeb06",
            "image_location": "645711882182/tars-amzn2-cpc-batch/63cd3b29-744a9223",
            "image_owner_alias": null,
            "image_type": "machine",
            "kernel_id": null,
            "most_recent": true,
            "name": "tars-amzn2-cpc-batch/63cd3b29-744a9223",
            "name_regex": null,
            "owner_id": "645711882182",
            "owners": [
              "652856684323",
              "645711882182"
            ],
            "platform": null,
            "platform_details": "Linux/UNIX",
            "product_codes": [],
            "public": false,
            "ramdisk_id": null,
            "root_device_name": "/dev/xvda",
            "root_device_type": "ebs",
            "root_snapshot_id": "snap-08942100c5304612d",
            "sriov_net_support": "simple",
            "state": "available",
            "state_reason": {
              "code": "UNSET",
              "message": "UNSET"
            },
            "tags": {},
            "usage_operation": "RunInstances",
            "virtualization_type": "hvm"
          }
        }
      ]
    },
    {
      "mode": "data",
      "type": "aws_availability_zones",
      "name": "available",
      "provider": "provider[\"registry.terraform.io/hashicorp/aws\"]",
      "instances": [
        {
          "schema_version": 0,
          "attributes": {
            "all_availability_zones": null,
            "exclude_names": null,
            "exclude_zone_ids": null,
            "filter": null,
            "group_names": [
              "eu-west-1"
            ],
            "id": "eu-west-1",
            "names": [
              "eu-west-1a",
              "eu-west-1b",
              "eu-west-1c"
            ],
            "state": null,
            "zone_ids": [
              "euw1-az1",
              "euw1-az2",
              "euw1-az3"
            ]
          }
        }
      ]
    },
    {
      "mode": "data",
      "type": "aws_caller_identity",
      "name": "current",
      "provider": "provider[\"registry.terraform.io/hashicorp/aws\"]",
      "instances": [
        {
          "schema_version": 0,
          "attributes": {
            "account_id": "652856684323",
            "arn": "arn:aws:sts::652856684323:assumed-role/tars-nonprod-ctrl-jenkinsctrl-20180403122511377400000002/i-015be186f652f5330",
            "id": "652856684323",
            "user_id": "AROAITHA4GDJAJLN5ZDE4:i-015be186f652f5330"
          }
        }
      ]
    },
    {
      "mode": "data",
      "type": "cloudinit_config",
      "name": "cpc-batch",
      "provider": "provider[\"registry.terraform.io/hashicorp/cloudinit\"]",
      "instances": [
        {
          "schema_version": 0,
          "attributes": {
            "base64_encode": true,
            "boundary": "MIMEBOUNDARY",
            "gzip": true,
            "id": "1207130525",
            "part": [
              {
                "content": "#cloud-config\nbootcmd:\n  - \"echo '[INFO] Applying bootcmd...'\"\n  - \"hostname cpc-batch-$INSTANCE_ID.opsdev.tars.dev-dvsacloud.uk\"\n  - \"sed -i \\\"1i$(curl -fs http://169.254.169.254/latest/meta-data/local-ipv4) cpc-batch-$INSTANCE_ID.opsdev.tars.dev-dvsacloud.uk cpc-batch-$INSTANCE_ID\\\" /etc/hosts\"\n  - \"sed -i -e '/HOSTNAME=/d' /etc/sysconfig/network\"\n  - \"echo \\\"HOSTNAME=cpc-batch-$INSTANCE_ID.opsdev.tars.dev-dvsacloud.uk\\\" \u003e\u003e /etc/sysconfig/network\"\nruncmd:\n  - \"echo '[INFO] Applying runcmd...'\"\n  - \"/etc/init.d/iptables stop\"\n  - \"/sbin/chkconfig iptables off\"\npreserve_hostname: true\nrepo_upgrade: none\nfinal_message: \"[INFO] System configuration finished!\"\n",
                "content_type": "text/cloud-config",
                "filename": "",
                "merge_type": ""
              },
              {
                "content": "#!/bin/bash +x\n\nfunction log () {\n  case $1 in\n    \"INFO\")\n      LOG_COLOR=\"\\033[96m\";;\n    \"ERROR\")\n      LOG_COLOR=\"\\033[31m\";;\n    \"WARN\")\n      LOG_COLOR=\"\\033[93m\" ;;\n    \"SUCCESS\")\n      LOG_COLOR=\"\\033[32m\" ;;\n    *)\n      LOG_COLOR=\"\\033[1m\" ;;\n  esac\n\n  echo -e \"${LOG_COLOR} [$(date)] ${1}: $2\\033[0m\" | tee -a \"/var/log/bootstrap.log\"\n}\n\nfunction error () {\n  log \"ERROR\" \"$1\"\n  exit\n}\n\n# Python is the best bet to safely escape the log data\n# for json consumption. json is a std python lib so \n# minimal dependency requirements\nfunction json_escape () {\n    printf '%s' \"$1\" | python -c 'import json,sys; print(json.dumps(sys.stdin.read()))'\n}\n\nexport aws=\"$(which aws || echo '/usr/bin/aws')\";\nexport curl=\"$(which curl || echo '/usr/bin/curl')\";\n\n# Instance ID begets all things...\nlog 'INFO' 'Retrieving Instance ID from Metadata';\ninstance_id=\"$(${curl} -s http://169.254.169.254/latest/meta-data/instance-id)\";\nif [ ${?} -ne 0 ]; then\n  error \"Failed to retrieve Instance ID\";\nfi\nlog 'INFO' \"Instance ID: ${instance_id}\";\n\n# Get Current AWS Region in order to do anything useful...\nlog 'INFO' 'Retrieving Instance Identity Document from Metadata';\ninstance_identity_document=\"$(${curl} -s http://169.254.169.254/latest/dynamic/instance-identity/document)\";\nif [ ${?} -ne 0 ]; then\n  error \"${curl} -s http://169.254.169.254/latest/dynamic/instance-identity/document\";\nelse\n  log 'INFO' 'Instance Identity Document Retrieved';\n\n  region=\"$(echo \"${instance_identity_document}\" | jq -r .region)\";\n\n  if [ ${?} -ne 0 ]; then\n    error 'jq: Instance Identity Document could not be parsed for current Region';\n  else\n    log 'INFO' \"Region retrieved: ${region}\";\n  fi;\n\n  # Make it available to the AWS cli; who needs to specify the region manually on every single call(?)\n  export AWS_DEFAULT_REGION=\"${region}\";\nfi;\n\n# Get the Autoscaling Group Name - it's a bit dirty but it works.\nasg_name=\"$(${aws} autoscaling describe-auto-scaling-instances \\\n  --instance \"${instance_id}\" \\\n  --output json \\\n  | jq -r .AutoScalingInstances[0].AutoScalingGroupName)\";\n\nif [ ${?} -ne 0 ]; then\n  error 'Failed to retrieve the autoscaling group name for this instance';\nelse\n  log 'INFO' \"ASG name retrieved: ${asg_name}\";\nfi;\n\n# Get the Launching LifeCycle Hook Name for this ASG (Making the assumption there's only one hook!)\nlifecycle_hook_name=\"$(${aws} autoscaling describe-lifecycle-hooks \\\n  --auto-scaling-group-name \"${asg_name}\" \\\n  --output json \\\n  | jq -r '.LifecycleHooks[] | select(.LifecycleTransition==\"autoscaling:EC2_INSTANCE_LAUNCHING\") | .LifecycleHookName')\";\n\nif [ ${?} -ne 0 ]; then\n  error \"Failed to retrieve lifecycle hook name for the autoscaling:EC2_INSTANCE_LAUNCHING transition for the autoscaling group named: ${asg_name}\";\nelse\n  log 'INFO' \"Lifecycle hook name retrieved: ${lifecycle_hook_name}\"\nfi;\n\n# Prerequisite information gathered - begin bootstrapping\n\nBOOTSTRAP_SUCCESS=1\n\nsed -E -i \"s/'[a-z0-9]{8}\\-[a-z0-9]{4}\\-[a-z0-9]{4}\\-[a-f0-9]{4}\\-[a-z0-9]{12}'/'791140e3-1c70-4d21-943f-007c92c1e17d'/g\" /etc/eyaml/config.yaml\n\n# Ensure the directory exists\nmkdir -p /efs;\n\n# Get Region and AZ from AWS EC2 meta-data. We could take region as a template parameter, but why since meta-data is canonical?\nexport region=\"$(curl -s http://169.254.169.254/latest/dynamic/instance-identity/document | jq -r .region)\";\nexport az=\"$(curl -s http://169.254.169.254/latest/meta-data/placement/availability-zone)\";\n\n# TODO: peacheym: Convert to AZ-independent URL\n# Set mount information in /etc/fstab - we're unlikely to reboot, but it can't hurt to ensure it remains\necho \"${az}.fs-bf43d48b.efs.${region}.amazonaws.com:/ /efs nfs4 nfsvers=4.1,rsize=1048576,wsize=1048576,hard,timeo=600,retrans=2 0 0\" \u003e\u003e /etc/fstab\n\n# Mount the configured target for Batch\nmount /efs\n\n# Shift this to cloud-init config yaml\nfacts_path=\"/opt/puppetlabs/facter/facts.d\"\necho -n 'environment: opsdev'    \u003e \"${facts_path}/environment.yaml\"\necho -n 'nodetype: cpc-batch'          \u003e \"${facts_path}/nodetype.yaml\"\necho -n 'aws_account: 652856684323' \u003e \"${facts_path}/aws_account.yaml\"\necho -n 'domain: nonprod.tars.dev-dvsacloud.uk' \u003e \"${facts_path}/domain.yaml\"\n\ncd /opt/packer-puppet-masterless\n\nlog 'INFO' 'Running puppet to configure environment'\n\n/opt/puppetlabs/bin/puppet apply \\\n  --verbose \\\n  --detailed-exitcodes \\\n  --modulepath='/opt/packer-puppet-masterless/module-0:/opt/packer-puppet-masterless/module-1' \\\n  --hiera_config='/opt/packer-puppet-masterless/hiera.yaml' \\\n  /opt/packer-puppet-masterless/manifests/site.pp\n\ncase ${?} in\n  6|4|1)\n    log \"ERROR\" \"Puppet run failed with exit code ${?}\"\n    BOOTSTRAP_SUCCESS=0 ;;\n  *)\n    log \"INFO\" \"Puppet run completed\" ;;\nesac\n\nif [ ${BOOTSTRAP_SUCCESS} -eq 1 ]; then\n  log 'SUCCESS' 'Bootstrap complete for nodetype: cpc-batch'\nelse\n  log 'ERROR' 'Bootstrap abandon for nodetype: cpc-batch'\nfi\n\nsed -i -e \"s|production|opsdev|g\" /opt/aws/amazon-cloudwatch-agent/etc/amazon-cloudwatch-agent.toml\n/etc/init.d/cloudwatch restart\n\n# Sure would be lovely if date could give unix time \n# in milliseconds\ntimestamp=$(($(date +'%s * 1000 + %-N / 1000000')))\nlog_data=\"$(json_escape \"$(cat /var/log/cloud-init-output.log)\")\"\n\necho \"\"\"\n[\n  {\n    \\\"timestamp\\\": ${timestamp},\n    \\\"message\\\": ${log_data}\n  }\n]\"\"\" \u003e /var/log/cwl-cloud-init.txt\n\naws logs create-log-stream \\\n  --region ${region} \\\n  --log-group-name /aws/ec2/tars-opsdev-cpc/cpc-batch/cloud-init-output \\\n  --log-stream-name ${instance_id}\n\naws logs put-log-events \\\n  --region ${region} \\\n  --log-group-name /aws/ec2/tars-opsdev-cpc/cpc-batch/cloud-init-output \\\n  --log-stream-name ${instance_id} \\\n  --log-events file:///var/log/cwl-cloud-init.txt\n\nlog 'INFO' 'Completing lifecycle action'\n\nif [ ${BOOTSTRAP_SUCCESS} -eq 1 ]; then\n  ${aws} autoscaling complete-lifecycle-action \\\n      --lifecycle-action-result CONTINUE \\\n      --instance-id \"${instance_id}\" \\\n      --lifecycle-hook-name \"${lifecycle_hook_name}\" \\\n      --auto-scaling-group-name \"${asg_name}\" \\\n      || error 'Failed to complete lifecycle hook';\nelse\n  ${aws} autoscaling complete-lifecycle-action \\\n    --lifecycle-action-result ABANDON \\\n    --instance-id \"${instance_id}\" \\\n    --lifecycle-hook-name \"${lifecycle_hook_name}\" \\\n    --auto-scaling-group-name \"${asg_name}\" \\\n    || error 'Failed to complete lifecycle hook';\nfi\n\n",
                "content_type": "text/x-shellscript",
                "filename": "",
                "merge_type": ""
              }
            ],
            "rendered": "H4sIAAAAAAAA/8w5bVPbRrffNZP/cCroCLdIsoGSxAztEEJTZnjpALmd+0DGs5aO7C3Srrq7snGC//udsysZOZiE5PbDw4fAas85e97fciiFQWHCq1mJfSiq3PCSKRMX/A7TPRjKSqRMzfb90+PTozfn78/eHlz8r+/RKfwfVJpL0Yde1H3hvfDCsA30wlvQVkzoDFV4JBKZcjHqw8shNy0A+7jBOxMnuazSMJEi46MX3ikv8NEza20YbyilSYq07wGE4GMylhBcH5/9fv4BDsoyn3ExghomiqLAd3BjqY1gBUJSJuGQmWQcrh+fXV4dnB0eDY7fRrLUKU4iw5SOUpyE6UQz+2xU3dYkNKYQcrjxe3x9I6lUDmGmYWxM2Y/j3u7raOuXnaj+HefMoDZxgYaFKTMszmXC8pCXk53O9/DwBM6NDzGaJCbx9DKfIUIQ/3F+eXV2cHq0H6eBg9Qz7RQZCzRTqRrprCJv/AXCd/B448Ovvz75iqrE18zmQFpWs7S44CZKY14aNsxRgzaybO71kIs4Gd+6x2ABI7PM90qFGtUEB43x+2BUhZ7CUg6qcqRYin0QUqCXccHyQYFasxH2wa85u5xpgwU46pVihksBGRdcjzH9wf+XQuAu1GPMc50oXpqnYuCHmEQdMj2Gn+88L6tEYrnJ5Qg2OvDJA0iYRljvARceAIBPMvgd+zfAyfm7weH5yfnFvn/T3d6+fr1b+Ht7DvDo4uL84knI7d4D5F8HF2dPk9wufGggL98fHh5dXj5NdesB+KengHoNDGqWePSb/CZE8Nc/LWDncL2+kTKDnQ+w/qk378P6lsXuFj7cg0GEkIEfT5iKczmKKTloo1gZ5XLke/OWMlEpqRp1kmZr1YC/3iOXwztuCGEN/pyZsRTANZgxwhC1gSEaMBI0yzCfAeqElWhviRDlAG8NMqngby0FuZSuipJejdwXroGBNimUjnTOh6AleGtQcMELlkOKJYoURTIDhf9UXGGBwugH9onOoH64FgKgVFyYDIIfdWDFgPvmhTCBgBelVMZibuqZ3nPgG3SO0qoo9Yae6UiblItIIUs3Op1OQCrAO4vIpnrfX9+YjnkypgPc3zsjBXGllfVZNtVBx99rMChzPqDYPPoYhz5bJG8NjoU2TCQIx29hiCM0GliegxlzMdJRFHmk34CcPYDgAo3iOKFs0sbLlCzgFA0jOwR7Hq/vBjwlXtY/0YNzCJ+fzxsKIU+JT57BNax/+m0OoUDowoc9Mj0FovMp/3fGc0zJQZRjEdsM+ntextuC+K3LPqx/ajE8d2p5hwYOK6VQGDj46xIucEQ+wAVIlaKil1IJTMysoqDSmFX5s9SVojDczOCtTCrysC9pz4EO0hr0m5SZzgQreNJWpSMXN+Sepdl/8T3y0lxjHfyNkr6gmVp/mAZ7lJ6UtQEpwfqzv2S3z1Q1p0j8+x8IFUQOz/o7wNMCNyIHf//T/5K9ElnlKQhJOQlKpqgjoMyT1O7iXCWwidWJuySwX7tS46gpOaBjkXwPIOOW0TU4ZbcI3ACbMJ5T5SWvo5RHDpnkfA+mYwkCMdU2NZaY8GxmIRw9KJioWJ7PgLLvBNUMNBejHCFheb7xW8cmXZs3Dv66HLw9+v3g/cnV4OLo3fH52b7fZssy5cLCclAZqROWk2u/U7Iq4YzavxC4CSjTDrmBlCszg2FlSAbqUnTkMT0aUK/gPJlN9RxYi1SKVKaHGNLHsP4aNlbWcEONyeL8mQfM/fpeVqasXNa1XxaOQFxfOqKNffV190P7uxWGZLHu8rXoCFbkHVJPW6aRVY/tjslLzJhraLgOVkWEf3D5zsEvuUijuhXWOGGVSGweOuEZHs6SHOEPKW+dURavEt2NU3ZLgJZL3RRJOioMNEhhnQVhLOXtDx0v5xkmRG9AH55lugVKSCiNzZYMalUSWhH9tmBfsV8QnTS0STp9/QHuQWOOidl4uLK9ISep9vf9Fof9o8OtwaLZPjl4f3b4x/HZO78D97BMmLQWPMv+q+rOQn6rw7bhl/ziCXbALNhfhdXypkdOscKTTlbwsuRUK+w79xv3+lOh7YQ0NwhcZFIVrkcfMesvKYTUMnABi6av5GLkeW/Oz68ury4O/hzUfep+z/Ps4HREs5Ov4+CahR+74esPn17Nb8LFYWfFIXt809uaB3Hw8nWvt9PF7bCXvOyGO+lWL3y9s52F3e7L5PVW0sPeyzSIR/UMhzNW5LGbNSL6myQ8ErpSLmRTrjAxUs2oDdVGe8VtyhWEJcSY6UW41cmbiRQO/uNKN2Xjo8MtWHQvEfyFdZUwlMLrZMwoMRosSiqYVDhYgQbVpk2R07HNzQk+kKGeNWFCCp6w/LemwXsogm5I/v+X5VWFsuk/Pz7/oYfmrcxZYpvnuK5cPOdmFn6UAuum8+r87XkfSmTJGGdFHw6lmKCyDf7Bf0Iuml7cwPuLE28NLtFAISthltyQC2faTBs2hBCmGCiESuT8lmYEG5TkmZtNEUqYCAyMK/cSOuNz0mnBuNBe01awj/Mo0+Ew29lOd14NI8x0tCiGESvYRynYVEeJLPqx9Q8Qmd6hfyao9P5O1NtUmn/E/V5359UvL3c3p0unMVPppuEFyv3dbneTIpIJvb8FXeg+TPlWLNLWqZWcnLQZlSnlMDVCY3PEG2aSsef0Q8wQzuWYZ8alfSPBrXho1K9JgI2AjCVGD0pmxvt+LEsTl1VZosnZUMd0h8r+0lHqO92EAgIUE66kIPv2wS0sAmpxfiXNPVCcxy1AG3AtGkKmaOyIvliEBLD4eUSpAf+cDJvqAUsSErwPu79svfpld/fVzvbWdvCYRgv2czKpJPPbXUWpZLp6/bKCpMOrqXlJCk6HLLlFFTpVhgXTBlWOWnvLo0ElBOVzB2Zt1NgWWooLPO9zw9AAV2OxssxnddGcoBpKjfUpRWMrU0gzdSLTRe9UyLTK0Zo8+CK7sYMMu/1ngfWC+oExR8UGTpivPWFhrf4c9ldeYoJnqI2OqSBFZel5bidD9dluZXbvd+57nUXDvVgv/OnUpSoBmSvYU27Gdt8ApBxLwrd4j0tX1+1IfmrRtaufJbKJLMocDaZ2o+L2KXXz8IjiHEL8B3qtZsI6Rn0bQPCmqaYLsjbMVwXNUtG34i7hsyETad1JrETPeF2Y7UbT1/cUAJXdd9y72L6nAkp2YVMdu9QX2piY2vUlG1Gep3T1xF1kZJF77VXjAwQo1IYpYxMWef7UFs0hQi4nlMJ5BikVS1dMR3xC6Z3fAeVO8NaoAhQ8z7nGRIpUe/RdG1aU++sbG25tBT8HP2r4CXrdbhd+hh/DM4jtodvtBp1Oh6JyQGWLKl17xUOFjxlYLLYecmjdoEa5HHX8ju/VdcP3vWsP6r3Qjb/g5canTmtxnG/WAPU+1F03XMw9gLn3wfd9+LX19jQPH96PzJ3xPDbVZHYNiUJmMMzlKNRGISvqSKzbjkXhqj8TXKsBt3bFZCumrBc6m4dJmcQLL3kseYuSe9GRWp7GWhyWlbHAOEFh9H8Hey2gmq2M59iP4y8qvZ3CD11wUhZ/6PmZjZ3gW6J/xTDVxH1rmHKELdf0Ez66ChXqKjdweH52dXz2/qgF2ur9Vs/Mn1OkYWAxn62cEVpozx/t6Of+/vHsvEhzy7PTw3T8HSp6WkEHbw7O3p6fLeCeoZ3v0s23aebb9EJ5+/P/HgnDF97/BQAA///QbAQBgBwAAA=="
          }
        }
      ]
    },
    {
      "mode": "data",
      "type": "terraform_remote_state",
      "name": "acc",
      "provider": "provider[\"terraform.io/builtin/terraform\"]",
      "instances": [
        {
          "schema_version": 0,
          "attributes": {
            "backend": "s3",
            "config": {
              "value": {
                "bucket": "tars-terraformscaffold-652856684323-eu-west-1",
                "key": "tars/652856684323/eu-west-1/nonprod/acc.tfstate",
                "region": "eu-west-1"
              },
              "type": [
                "object",
                {
                  "bucket": "string",
                  "key": "string",
                  "region": "string"
                }
              ]
            },
            "defaults": null,
            "outputs": {
              "value": {
                "DVSA-EC2-Read-Role-role-arn": "arn:aws:iam::652856684323:role/EC2-Read",
                "account_alias": "tarsnonprod",
                "cwles_cloudtrail_arn": "arn:aws:cloudtrail:eu-west-1:652856684323:trail/tars-nonprod-acc-cwles",
                "cwles_cloudtrail_id": "tars-nonprod-acc-cwles",
                "hieradata_kms_key_arn": "arn:aws:kms:eu-west-1:652856684323:key/791140e3-1c70-4d21-943f-007c92c1e17d",
                "hieradata_kms_key_id": "791140e3-1c70-4d21-943f-007c92c1e17d",
                "hieradata_kms_key_user_policy_arn": "arn:aws:iam::652856684323:policy/tars-nonprod-acc-kms-hieradata-user",
                "key_name": "deployer",
                "notify_ops_sns_arn": "arn:aws:sns:eu-west-1:652856684323:tars-nonprod-acc-notify-ops",
                "oom-s3-log-bucket": "arn:aws:s3:::tars-652856684323-eu-west-1-nonprod-acc-oom-logs",
                "oom-s3-log-bucket_id": "tars-652856684323-eu-west-1-nonprod-acc-oom-logs",
                "platform_ops_kms_key_arn": "arn:aws:kms:eu-west-1:652856684323:key/3dcd8e13-2604-4aa2-9c5c-4ccbe50d3e10",
                "platform_ops_kms_key_id": "3dcd8e13-2604-4aa2-9c5c-4ccbe50d3e10",
                "platform_ops_kms_key_user_policy_arn": "arn:aws:iam::652856684323:policy/tars-nonprod-acc-kms-platform-ops-user",
                "public_domain_name": "dvsa.tars.dev-dvsacloud.uk",
                "public_domain_name_ns_records": [
                  "ns-1355.awsdns-41.org",
                  "ns-1675.awsdns-17.co.uk",
                  "ns-395.awsdns-49.com",
                  "ns-988.awsdns-59.net"
                ],
                "public_domain_name_zone_id": "Z1UDTPRHAMK3TV",
                "public_domain_root_zone_id": "Z01205881OXWKZSO9QIUW",
                "tars_dlm_lifecycle_role_arn": "arn:aws:iam::652856684323:role/dlm-lifecycle-role"
              },
              "type": [
                "object",
                {
                  "DVSA-EC2-Read-Role-role-arn": "string",
                  "account_alias": "string",
                  "cwles_cloudtrail_arn": "string",
                  "cwles_cloudtrail_id": "string",
                  "hieradata_kms_key_arn": "string",
                  "hieradata_kms_key_id": "string",
                  "hieradata_kms_key_user_policy_arn": "string",
                  "key_name": "string",
                  "notify_ops_sns_arn": "string",
                  "oom-s3-log-bucket": "string",
                  "oom-s3-log-bucket_id": "string",
                  "platform_ops_kms_key_arn": "string",
                  "platform_ops_kms_key_id": "string",
                  "platform_ops_kms_key_user_policy_arn": "string",
                  "public_domain_name": "string",
                  "public_domain_name_ns_records": [
                    "tuple",
                    [
                      "string",
                      "string",
                      "string",
                      "string"
                    ]
                  ],
                  "public_domain_name_zone_id": "string",
                  "public_domain_root_zone_id": "string",
                  "tars_dlm_lifecycle_role_arn": "string"
                }
              ]
            },
            "workspace": null
          }
        }
      ]
    },
    {
      "mode": "data",
      "type": "terraform_remote_state",
      "name": "base",
      "provider": "provider[\"terraform.io/builtin/terraform\"]",
      "instances": [
        {
          "schema_version": 0,
          "attributes": {
            "backend": "s3",
            "config": {
              "value": {
                "bucket": "tars-terraformscaffold-652856684323-eu-west-1",
                "key": "tars/652856684323/eu-west-1/opsdev/base.tfstate",
                "region": "eu-west-1"
              },
              "type": [
                "object",
                {
                  "bucket": "string",
                  "key": "string",
                  "region": "string"
                }
              ]
            },
            "defaults": null,
            "outputs": {
              "value": {
                "awsmq_sg_id": "sg-3c8a2440",
                "core_sg_id": "sg-e1802e9d",
                "ctrl_peering_id": "pcx-9957a3f1",
                "elc_sg_id": "sg-a78d23db",
                "iam_policy_bobjnode_arn": "arn:aws:iam::652856684323:policy/tars-opsdev-base-bobjnode",
                "iam_policy_cloudwatch_arn": "arn:aws:iam::652856684323:policy/tars-opsdev-base-cloudwatch",
                "iam_role_db_reports_arn": "arn:aws:iam::652856684323:role/tars-opsdev-base-db-reports",
                "igw": "igw-fad49f9d",
                "jenkins_net_route_table_id": [
                  "rtb-7f357006",
                  "rtb-71327708",
                  "rtb-ae3075d7"
                ],
                "jmeter_sg_id": "sg-0488fa22c0ac09a6a",
                "kms_sg_id": "sg-0e832d72",
                "nat_gw_ip": [
                  "34.243.106.190"
                ],
                "private_nat_route_table_id": [
                  "rtb-7f357006",
                  "rtb-71327708",
                  "rtb-ae3075d7"
                ],
                "private_nonat_route_table_id": "rtb-4f347136",
                "private_zone_id": "Z0659159TZJUDRCB2GQD",
                "private_zone_id_aws": "Z1RXZ8CQNQNQFU",
                "prometheus_sg_id": "sg-0b5b5f68ceb2f83ee",
                "public_route_table_id": "rtb-813376f8",
                "route_table_jenkins_nat": [
                  "rtb-7f357006",
                  "rtb-71327708",
                  "rtb-ae3075d7"
                ],
                "sns_alerts_arn": "arn:aws:sns:eu-west-1:652856684323:tars-opsdev-base-alerts",
                "squidnat_sg_id": "sg-18822c64",
                "subnet_cidrs_tars_backend": [
                  "10.167.1.0/27",
                  "10.167.1.32/27",
                  "10.167.1.64/27"
                ],
                "subnets_alb_public": [
                  "subnet-006c0b7afde404b1e",
                  "subnet-07b673e8acc350d4f",
                  "subnet-0eb1ef15f793b37f5"
                ],
                "subnets_cpc_alb_internal": [
                  "subnet-0e505725418e27f03",
                  "subnet-0092782491804a4a6",
                  "subnet-006c23c5b6420a115"
                ],
                "subnets_cpc_db": [
                  "subnet-6eee6608",
                  "subnet-c172ea89",
                  "subnet-4ee52f14"
                ],
                "subnets_fyndi_back_alb": [
                  "subnet-e1e66e87",
                  "subnet-026af24a",
                  "subnet-11f9334b"
                ],
                "subnets_ibs_db": [
                  "subnet-fbf9719d",
                  "subnet-eb6af2a3",
                  "subnet-b7ff35ed"
                ],
                "subnets_mis_db": [
                  "subnet-008955aac4aaaeb30",
                  "subnet-097da205e79035ba0",
                  "subnet-075a44a5031f3b5a1"
                ],
                "subnets_obs_alb_internal": [
                  "subnet-019d062539958f790",
                  "subnet-054328932b2759ddc",
                  "subnet-07e30fc2f36195380"
                ],
                "subnets_sftpplus_nlb": [
                  "subnet-0fc01dc33f34d763f",
                  "subnet-0f7173874c569ac6e",
                  "subnet-040249d712bdbcbbb"
                ],
                "subnets_tars_alb_internal": [
                  "subnet-09119fcc82cf077be",
                  "subnet-0b5e8bdee055ed355",
                  "subnet-08c689f679becd76f"
                ],
                "subnets_tars_awsmq": [
                  "subnet-39fa725f"
                ],
                "subnets_tars_backend": [
                  "subnet-40fb7326",
                  "subnet-a969f1e1",
                  "subnet-ede62cb7"
                ],
                "subnets_tars_backend_api_alb": [
                  "subnet-032513b19b0cad983",
                  "subnet-00d991863e6bd390d",
                  "subnet-0d8dd5eaf39a35ce1"
                ],
                "subnets_tars_backend_elb": [
                  "subnet-85e169e3",
                  "subnet-fd73ebb5",
                  "subnet-e0f238ba"
                ],
                "subnets_tars_db": [
                  "subnet-fbf9719d",
                  "subnet-eb6af2a3",
                  "subnet-b7ff35ed"
                ],
                "subnets_tars_dvsa_public": [
                  "subnet-0b0c9e245e16ad0d0",
                  "subnet-01cabce9855e4878e",
                  "subnet-0eedb507652c30122"
                ],
                "subnets_tars_messaging": [
                  "subnet-e9e46c8f",
                  "subnet-0a75ed42",
                  "subnet-fef03aa4"
                ],
                "subnets_tars_messaging_alb": [
                  "subnet-77e36b11",
                  "subnet-317fe779",
                  "subnet-75fa302f"
                ],
                "subnets_tars_web": [
                  "subnet-d6fc74b0",
                  "subnet-0170e849",
                  "subnet-1cff3546"
                ],
                "tars_core_iam_instance_profile_name": "tars-opsdev-base-core",
                "tars_messaging_iam_instance_profile_name": "tars-opsdev-base-messaging",
                "vpc_id": "vpc-91eab8f7"
              },
              "type": [
                "object",
                {
                  "awsmq_sg_id": "string",
                  "core_sg_id": "string",
                  "ctrl_peering_id": "string",
                  "elc_sg_id": "string",
                  "iam_policy_bobjnode_arn": "string",
                  "iam_policy_cloudwatch_arn": "string",
                  "iam_role_db_reports_arn": "string",
                  "igw": "string",
                  "jenkins_net_route_table_id": [
                    "tuple",
                    [
                      "string",
                      "string",
                      "string"
                    ]
                  ],
                  "jmeter_sg_id": "string",
                  "kms_sg_id": "string",
                  "nat_gw_ip": [
                    "tuple",
                    [
                      "string"
                    ]
                  ],
                  "private_nat_route_table_id": [
                    "tuple",
                    [
                      "string",
                      "string",
                      "string"
                    ]
                  ],
                  "private_nonat_route_table_id": "string",
                  "private_zone_id": "string",
                  "private_zone_id_aws": "string",
                  "prometheus_sg_id": "string",
                  "public_route_table_id": "string",
                  "route_table_jenkins_nat": [
                    "tuple",
                    [
                      "string",
                      "string",
                      "string"
                    ]
                  ],
                  "sns_alerts_arn": "string",
                  "squidnat_sg_id": "string",
                  "subnet_cidrs_tars_backend": [
                    "list",
                    "string"
                  ],
                  "subnets_alb_public": [
                    "tuple",
                    [
                      "string",
                      "string",
                      "string"
                    ]
                  ],
                  "subnets_cpc_alb_internal": [
                    "tuple",
                    [
                      "string",
                      "string",
                      "string"
                    ]
                  ],
                  "subnets_cpc_db": [
                    "tuple",
                    [
                      "string",
                      "string",
                      "string"
                    ]
                  ],
                  "subnets_fyndi_back_alb": [
                    "tuple",
                    [
                      "string",
                      "string",
                      "string"
                    ]
                  ],
                  "subnets_ibs_db": [
                    "tuple",
                    [
                      "string",
                      "string",
                      "string"
                    ]
                  ],
                  "subnets_mis_db": [
                    "tuple",
                    [
                      "string",
                      "string",
                      "string"
                    ]
                  ],
                  "subnets_obs_alb_internal": [
                    "tuple",
                    [
                      "string",
                      "string",
                      "string"
                    ]
                  ],
                  "subnets_sftpplus_nlb": [
                    "tuple",
                    [
                      "string",
                      "string",
                      "string"
                    ]
                  ],
                  "subnets_tars_alb_internal": [
                    "tuple",
                    [
                      "string",
                      "string",
                      "string"
                    ]
                  ],
                  "subnets_tars_awsmq": [
                    "tuple",
                    [
                      "string"
                    ]
                  ],
                  "subnets_tars_backend": [
                    "tuple",
                    [
                      "string",
                      "string",
                      "string"
                    ]
                  ],
                  "subnets_tars_backend_api_alb": [
                    "tuple",
                    [
                      "string",
                      "string",
                      "string"
                    ]
                  ],
                  "subnets_tars_backend_elb": [
                    "tuple",
                    [
                      "string",
                      "string",
                      "string"
                    ]
                  ],
                  "subnets_tars_db": [
                    "tuple",
                    [
                      "string",
                      "string",
                      "string"
                    ]
                  ],
                  "subnets_tars_dvsa_public": [
                    "tuple",
                    [
                      "string",
                      "string",
                      "string"
                    ]
                  ],
                  "subnets_tars_messaging": [
                    "tuple",
                    [
                      "string",
                      "string",
                      "string"
                    ]
                  ],
                  "subnets_tars_messaging_alb": [
                    "tuple",
                    [
                      "string",
                      "string",
                      "string"
                    ]
                  ],
                  "subnets_tars_web": [
                    "tuple",
                    [
                      "string",
                      "string",
                      "string"
                    ]
                  ],
                  "tars_core_iam_instance_profile_name": "string",
                  "tars_messaging_iam_instance_profile_name": "string",
                  "vpc_id": "string"
                }
              ]
            },
            "workspace": null
          }
        }
      ]
    },
    {
      "mode": "data",
      "type": "terraform_remote_state",
      "name": "cpc",
      "provider": "provider[\"terraform.io/builtin/terraform\"]",
      "instances": [
        {
          "schema_version": 0,
          "attributes": {
            "backend": "s3",
            "config": {
              "value": {
                "bucket": "tars-terraformscaffold-652856684323-eu-west-1",
                "key": "tars/652856684323/eu-west-1/opsdev/cpc.tfstate",
                "region": "eu-west-1"
              },
              "type": [
                "object",
                {
                  "bucket": "string",
                  "key": "string",
                  "region": "string"
                }
              ]
            },
            "defaults": null,
            "outputs": {
              "value": {
                "cpc-alb-target-group-internet-frontend": "arn:aws:elasticloadbalancing:eu-west-1:652856684323:targetgroup/tars-opsdev-cpc-internal-9443/d418a1fac413c213",
                "cpc-back-alb": "sg-b6c76cca",
                "cpc-back-sg-id": "sg-0c6298c097b75219c",
                "cpc-db-sg-id": "sg-89c66df5",
                "cpc-front-sg-id": "sg-0d3332285e95d0e17",
                "cpc_dvsa_internet_alb_dns_name": "tars-opsdev-cpc-dvsa-internet-1974138472.eu-west-1.elb.amazonaws.com",
                "cpc_dvsa_internet_alb_zone_id": "Z32O12XQLNTSW2",
                "cpc_dvsa_internet_listener_arn": "arn:aws:elasticloadbalancing:eu-west-1:652856684323:listener/app/tars-opsdev-cpc-dvsa-internet/f8ee67789af3c99d/8d0081e8aecdf042",
                "cpc_dvsa_internet_sg_id": "sg-030be28a13b81c5a0",
                "subnet_cidrs_cpc_backend": [
                  "subnet-d54ec6b3",
                  "subnet-cfd84387",
                  "subnet-f9408aa3"
                ]
              },
              "type": [
                "object",
                {
                  "cpc-alb-target-group-internet-frontend": "string",
                  "cpc-back-alb": "string",
                  "cpc-back-sg-id": "string",
                  "cpc-db-sg-id": "string",
                  "cpc-front-sg-id": "string",
                  "cpc_dvsa_internet_alb_dns_name": "string",
                  "cpc_dvsa_internet_alb_zone_id": "string",
                  "cpc_dvsa_internet_listener_arn": "string",
                  "cpc_dvsa_internet_sg_id": "string",
                  "subnet_cidrs_cpc_backend": [
                    "tuple",
                    [
                      "string",
                      "string",
                      "string"
                    ]
                  ]
                }
              ]
            },
            "workspace": null
          }
        }
      ]
    },
    {
      "mode": "data",
      "type": "terraform_remote_state",
      "name": "ctrl",
      "provider": "provider[\"terraform.io/builtin/terraform\"]",
      "instances": [
        {
          "schema_version": 0,
          "attributes": {
            "backend": "s3",
            "config": {
              "value": {
                "bucket": "tars-terraformscaffold-652856684323-eu-west-1",
                "key": "tars/652856684323/eu-west-1/nonprod/ctrl.tfstate",
                "region": "eu-west-1"
              },
              "type": [
                "object",
                {
                  "bucket": "string",
                  "key": "string",
                  "region": "string"
                }
              ]
            },
            "defaults": null,
            "outputs": {
              "value": {
                "access_key": "AKIAICEZBSKNNLFKCYNA",
                "bastion_elb_sg_id": "sg-0be4f971",
                "bastion_outbound-oracle_sg_id": "sg-02683b53d8b90594e",
                "bastion_sg_id": "sg-04af72d467d8575c6",
                "dx_gateway_id": [
                  "a4c2dfcb-d6f3-4493-9b09-e6b6eada9dda"
                ],
                "eip_nat_public_ips": [
                  "52.214.31.165"
                ],
                "grafana_sg_id": "sg-06bd0f27f6770007f",
                "jenkinsctrl_sg_id": "sg-0049364e43e54519a",
                "private_r53_zone": [
                  "Z02938282OXKNC86FS3WX"
                ],
                "rt_private_id": "rtb-6253f91b",
                "rt_private_nat_id": "rtb-fb08d282",
                "secret": "+2d1Ryp2H/L2g+rxxgWV19MtuLLhxq2pRH3179aM",
                "tars_acct_bucketlogs": "tars-nonprod-ctrl-acc-bucketlogs",
                "tars_aws_backup_iam_role_arn": "arn:aws:iam::652856684323:role/tars_aws_backup",
                "tars_aws_backup_iam_tars_efs_id": "ca604a51-2994-4a54-a2fe-249461c779c3",
                "tars_domain_name": "dvsa.tars.dev-dvsacloud.uk",
                "user": "tars-nonprod-ctrl-ses-",
                "vpc_cidr_block": "10.167.60.0/22",
                "vpc_id": "vpc-9f2ba7f9"
              },
              "type": [
                "object",
                {
                  "access_key": "string",
                  "bastion_elb_sg_id": "string",
                  "bastion_outbound-oracle_sg_id": "string",
                  "bastion_sg_id": "string",
                  "dx_gateway_id": [
                    "tuple",
                    [
                      "string"
                    ]
                  ],
                  "eip_nat_public_ips": [
                    "tuple",
                    [
                      "string"
                    ]
                  ],
                  "grafana_sg_id": "string",
                  "jenkinsctrl_sg_id": "string",
                  "private_r53_zone": [
                    "tuple",
                    [
                      "string"
                    ]
                  ],
                  "rt_private_id": "string",
                  "rt_private_nat_id": "string",
                  "secret": "string",
                  "tars_acct_bucketlogs": "string",
                  "tars_aws_backup_iam_role_arn": "string",
                  "tars_aws_backup_iam_tars_efs_id": "string",
                  "tars_domain_name": "string",
                  "user": "string",
                  "vpc_cidr_block": "string",
                  "vpc_id": "string"
                }
              ]
            },
            "workspace": null
          }
        }
      ]
    },
    {
      "mode": "data",
      "type": "terraform_remote_state",
      "name": "tars-core",
      "provider": "provider[\"terraform.io/builtin/terraform\"]",
      "instances": [
        {
          "schema_version": 0,
          "attributes": {
            "backend": "s3",
            "config": {
              "value": {
                "bucket": "tars-terraformscaffold-652856684323-eu-west-1",
                "key": "tars/652856684323/eu-west-1/opsdev/tars-core.tfstate",
                "region": "eu-west-1"
              },
              "type": [
                "object",
                {
                  "bucket": "string",
                  "key": "string",
                  "region": "string"
                }
              ]
            },
            "defaults": null,
            "outputs": {
              "value": {
                "tars-apache-autoscaling-group-name": "tars-opsdev-tars-core/apache",
                "tars-apache-dns-name": "tars-opsdev-tars-core-apache-124141370.eu-west-1.elb.amazonaws.com",
                "tars-apache-dns-zone-id": "Z32O12XQLNTSW2",
                "tars-core-alb-target-group-irdt-frontend": "arn:aws:elasticloadbalancing:eu-west-1:652856684323:targetgroup/tars-opsdev-irdt-wff-7443/1602babfcf22f095",
                "tars-core-apache-sg-id": "sg-02b4d13ba5692709e",
                "tars-core-backend-alb-sg-id": "sg-fc78d680",
                "tars-core-backend-sg-id": "sg-0af3b3d2d7d1bea93",
                "tars-core-db-sg-id": "sg-d179d7ad",
                "tars-core-frontend-sg-id": "sg-086b255ad20ea41e2"
              },
              "type": [
                "object",
                {
                  "tars-apache-autoscaling-group-name": "string",
                  "tars-apache-dns-name": "string",
                  "tars-apache-dns-zone-id": "string",
                  "tars-core-alb-target-group-irdt-frontend": "string",
                  "tars-core-apache-sg-id": "string",
                  "tars-core-backend-alb-sg-id": "string",
                  "tars-core-backend-sg-id": "string",
                  "tars-core-db-sg-id": "string",
                  "tars-core-frontend-sg-id": "string"
                }
              ]
            },
            "workspace": null
          }
        }
      ]
    },
    {
      "mode": "managed",
      "type": "aws_dlm_lifecycle_policy",
      "name": "cpc_batch_dlm",
      "provider": "provider[\"registry.terraform.io/hashicorp/aws\"]",
      "instances": [
        {
          "index_key": 0,
          "schema_version": 0,
          "attributes": {
            "arn": "arn:aws:dlm:eu-west-1:652856684323:policy/policy-0e4828b2a7bc08ef0",
            "description": "opsdev-cpc-DLM lifecycle policy",
            "execution_role_arn": "arn:aws:iam::652856684323:role/dlm-lifecycle-role",
            "id": "policy-0e4828b2a7bc08ef0",
            "policy_details": [
              {
                "resource_types": [
                  "INSTANCE"
                ],
                "schedule": [
                  {
                    "copy_tags": true,
                    "create_rule": [
                      {
                        "interval": 24,
                        "interval_unit": "HOURS",
                        "times": [
                          "08:00"
                        ]
                      }
                    ],
                    "name": "cpc-opsdev-daily snapshots",
                    "retain_rule": [
                      {
                        "count": 7
                      }
                    ],
                    "tags_to_add": {
                      "SnapshotCreator": "DLM-cpc-opsdev"
                    }
                  }
                ],
                "target_tags": {
                  "Name": "tars-opsdev-cpc/cpc-batch"
                }
              }
            ],
            "state": "ENABLED",
            "tags": null,
            "tags_all": {}
          },
          "private": "bnVsbA==",
          "dependencies": [
            "data.terraform_remote_state.acc"
          ]
        }
      ]
    },
    {
      "mode": "managed",
      "type": "aws_efs_file_system",
      "name": "cpc-batch-efs",
      "provider": "provider[\"registry.terraform.io/hashicorp/aws\"]",
      "instances": [
        {
          "schema_version": 0,
          "attributes": {
            "arn": "arn:aws:elasticfilesystem:eu-west-1:652856684323:file-system/fs-bf43d48b",
            "availability_zone_id": "",
            "availability_zone_name": "",
            "creation_token": "terraform-20210907065637760900000001",
            "dns_name": "fs-bf43d48b.efs.eu-west-1.amazonaws.com",
            "encrypted": false,
            "id": "fs-bf43d48b",
            "kms_key_id": "",
            "lifecycle_policy": [],
            "number_of_mount_targets": 3,
            "owner_id": "652856684323",
            "performance_mode": "generalPurpose",
            "provisioned_throughput_in_mibps": 0,
            "size_in_bytes": [
              {
                "value": 806912,
                "value_in_ia": 0,
                "value_in_standard": 806912
              }
            ],
            "tags": {
              "Component": "cpc",
              "Environment": "opsdev",
              "Name": "tars-opsdev-cpc/cpc-batch-efs",
              "Project": "tars"
            },
            "tags_all": {
              "Component": "cpc",
              "Environment": "opsdev",
              "Name": "tars-opsdev-cpc/cpc-batch-efs",
              "Project": "tars"
            },
            "throughput_mode": "bursting"
          },
          "private": "bnVsbA=="
        }
      ]
    },
    {
      "mode": "managed",
      "type": "aws_efs_mount_target",
      "name": "cpc-batch",
      "provider": "provider[\"registry.terraform.io/hashicorp/aws\"]",
      "instances": [
        {
          "index_key": 0,
          "schema_version": 0,
          "attributes": {
            "availability_zone_id": "euw1-az1",
            "availability_zone_name": "eu-west-1a",
            "dns_name": "fs-bf43d48b.efs.eu-west-1.amazonaws.com",
            "file_system_arn": "arn:aws:elasticfilesystem:eu-west-1:652856684323:file-system/fs-bf43d48b",
            "file_system_id": "fs-bf43d48b",
            "id": "fsmt-e13a8fd4",
            "ip_address": "10.167.5.116",
            "mount_target_dns_name": "eu-west-1a.fs-bf43d48b.efs.eu-west-1.amazonaws.com",
            "network_interface_id": "eni-04952d1fd6ad9344c",
            "owner_id": "652856684323",
            "security_groups": [
              "sg-07d44bc911f29f674"
            ],
            "subnet_id": "subnet-02f11d003dc36d22b"
          },
          "private": "bnVsbA==",
          "dependencies": [
            "aws_efs_file_system.cpc-batch-efs",
            "aws_security_group.cpc_batch_efs",
            "data.aws_availability_zones.available",
            "data.aws_caller_identity.current",
            "data.terraform_remote_state.base",
            "module.subnets_cpc_batch_efs.aws_subnet.subnets"
          ]
        },
        {
          "index_key": 1,
          "schema_version": 0,
          "attributes": {
            "availability_zone_id": "euw1-az2",
            "availability_zone_name": "eu-west-1b",
            "dns_name": "fs-bf43d48b.efs.eu-west-1.amazonaws.com",
            "file_system_arn": "arn:aws:elasticfilesystem:eu-west-1:652856684323:file-system/fs-bf43d48b",
            "file_system_id": "fs-bf43d48b",
            "id": "fsmt-e33a8fd6",
            "ip_address": "10.167.5.135",
            "mount_target_dns_name": "eu-west-1b.fs-bf43d48b.efs.eu-west-1.amazonaws.com",
            "network_interface_id": "eni-09bf754757254f0c9",
            "owner_id": "652856684323",
            "security_groups": [
              "sg-07d44bc911f29f674"
            ],
            "subnet_id": "subnet-070239ce8c771c2f4"
          },
          "private": "bnVsbA==",
          "dependencies": [
            "aws_efs_file_system.cpc-batch-efs",
            "aws_security_group.cpc_batch_efs",
            "data.aws_availability_zones.available",
            "data.aws_caller_identity.current",
            "data.terraform_remote_state.base",
            "module.subnets_cpc_batch_efs.aws_subnet.subnets"
          ]
        },
        {
          "index_key": 2,
          "schema_version": 0,
          "attributes": {
            "availability_zone_id": "euw1-az3",
            "availability_zone_name": "eu-west-1c",
            "dns_name": "fs-bf43d48b.efs.eu-west-1.amazonaws.com",
            "file_system_arn": "arn:aws:elasticfilesystem:eu-west-1:652856684323:file-system/fs-bf43d48b",
            "file_system_id": "fs-bf43d48b",
            "id": "fsmt-e03a8fd5",
            "ip_address": "10.167.5.157",
            "mount_target_dns_name": "eu-west-1c.fs-bf43d48b.efs.eu-west-1.amazonaws.com",
            "network_interface_id": "eni-07b550ea0cd620b26",
            "owner_id": "652856684323",
            "security_groups": [
              "sg-07d44bc911f29f674"
            ],
            "subnet_id": "subnet-0a6847d3d5145fd32"
          },
          "private": "bnVsbA==",
          "dependencies": [
            "aws_efs_file_system.cpc-batch-efs",
            "aws_security_group.cpc_batch_efs",
            "data.aws_availability_zones.available",
            "data.aws_caller_identity.current",
            "data.terraform_remote_state.base",
            "module.subnets_cpc_batch_efs.aws_subnet.subnets"
          ]
        }
      ]
    },
    {
      "mode": "managed",
      "type": "aws_iam_role_policy_attachment",
      "name": "cloudwatch_tars_core",
      "provider": "provider[\"registry.terraform.io/hashicorp/aws\"]",
      "instances": [
        {
          "schema_version": 0,
          "attributes": {
            "id": "tars-opsdev-cpc-cpc-batch-20210907065637765300000002-20210907065639605100000006",
            "policy_arn": "arn:aws:iam::652856684323:policy/tars-opsdev-base-cloudwatch",
            "role": "tars-opsdev-cpc-cpc-batch-20210907065637765300000002"
          },
          "private": "bnVsbA==",
          "dependencies": [
            "data.terraform_remote_state.base",
            "module.cpc_batch.aws_iam_role.main",
            "module.cpc_batch.data.aws_iam_policy_document.ec2_assume_role"
          ]
        }
      ]
    },
    {
      "mode": "managed",
      "type": "aws_iam_role_policy_attachment",
      "name": "hieradata",
      "provider": "provider[\"registry.terraform.io/hashicorp/aws\"]",
      "instances": [
        {
          "schema_version": 0,
          "attributes": {
            "id": "tars-opsdev-cpc-cpc-batch-20210907065637765300000002-20210907065639623100000007",
            "policy_arn": "arn:aws:iam::652856684323:policy/tars-nonprod-acc-kms-hieradata-user",
            "role": "tars-opsdev-cpc-cpc-batch-20210907065637765300000002"
          },
          "private": "bnVsbA==",
          "dependencies": [
            "data.terraform_remote_state.acc",
            "module.cpc_batch.aws_iam_role.main",
            "module.cpc_batch.data.aws_iam_policy_document.ec2_assume_role"
          ]
        }
      ]
    },
    {
      "mode": "managed",
      "type": "aws_security_group_rule",
      "name": "active_mq_ingress_cpc_batch",
      "provider": "provider[\"registry.terraform.io/hashicorp/aws\"]",
      "instances": [
        {
          "schema_version": 2,
          "attributes": {
            "cidr_blocks": null,
            "description": "Allow TCP/61617 from CPC Batch",
            "from_port": 61617,
            "id": "sgrule-1501733826",
            "ipv6_cidr_blocks": null,
            "prefix_list_ids": null,
            "protocol": "tcp",
            "security_group_id": "sg-3c8a2440",
            "self": false,
            "source_security_group_id": "sg-05903335d8dacbac8",
            "to_port": 61617,
            "type": "ingress"
          },
          "private": "eyJzY2hlbWFfdmVyc2lvbiI6IjIifQ==",
          "dependencies": [
            "data.terraform_remote_state.base",
            "module.cpc_batch.aws_security_group.main"
          ]
        }
      ]
    },
    {
      "mode": "managed",
      "type": "aws_security_group_rule",
      "name": "cpc_batch_efs_ingress_cpc_batch_nfs",
      "provider": "provider[\"registry.terraform.io/hashicorp/aws\"]",
      "instances": [
        {
          "schema_version": 2,
          "attributes": {
            "cidr_blocks": null,
            "description": null,
            "from_port": 2049,
            "id": "sgrule-2823222225",
            "ipv6_cidr_blocks": null,
            "prefix_list_ids": null,
            "protocol": "tcp",
            "security_group_id": "sg-07d44bc911f29f674",
            "self": false,
            "source_security_group_id": "sg-05903335d8dacbac8",
            "to_port": 2049,
            "type": "ingress"
          },
          "private": "eyJzY2hlbWFfdmVyc2lvbiI6IjIifQ==",
          "dependencies": [
            "aws_security_group.cpc_batch_efs",
            "data.terraform_remote_state.base",
            "module.cpc_batch.aws_security_group.main"
          ]
        }
      ]
    },
    {
      "mode": "managed",
      "type": "aws_security_group_rule",
      "name": "cpc_batch_egress_active_mq",
      "provider": "provider[\"registry.terraform.io/hashicorp/aws\"]",
      "instances": [
        {
          "schema_version": 2,
          "attributes": {
            "cidr_blocks": null,
            "description": "Allow TCP/61617 to AWS MQ",
            "from_port": 61617,
            "id": "sgrule-1277347895",
            "ipv6_cidr_blocks": null,
            "prefix_list_ids": null,
            "protocol": "tcp",
            "security_group_id": "sg-05903335d8dacbac8",
            "self": false,
            "source_security_group_id": "sg-3c8a2440",
            "to_port": 61617,
            "type": "egress"
          },
          "private": "eyJzY2hlbWFfdmVyc2lvbiI6IjIifQ==",
          "dependencies": [
            "data.terraform_remote_state.base",
            "module.cpc_batch.aws_security_group.main"
          ]
        }
      ]
    },
    {
      "mode": "managed",
      "type": "aws_security_group_rule",
      "name": "cpc_batch_egress_cpc_batch_efs",
      "provider": "provider[\"registry.terraform.io/hashicorp/aws\"]",
      "instances": [
        {
          "schema_version": 2,
          "attributes": {
            "cidr_blocks": null,
            "description": null,
            "from_port": 2049,
            "id": "sgrule-998381395",
            "ipv6_cidr_blocks": null,
            "prefix_list_ids": null,
            "protocol": "tcp",
            "security_group_id": "sg-05903335d8dacbac8",
            "self": false,
            "source_security_group_id": "sg-07d44bc911f29f674",
            "to_port": 2049,
            "type": "egress"
          },
          "private": "eyJzY2hlbWFfdmVyc2lvbiI6IjIifQ==",
          "dependencies": [
            "aws_security_group.cpc_batch_efs",
            "data.terraform_remote_state.base",
            "module.cpc_batch.aws_security_group.main"
          ]
        }
      ]
    },
    {
      "mode": "managed",
      "type": "aws_security_group_rule",
      "name": "cpc_batch_egress_cpc_db",
      "provider": "provider[\"registry.terraform.io/hashicorp/aws\"]",
      "instances": [
        {
          "schema_version": 2,
          "attributes": {
            "cidr_blocks": null,
            "description": "Allow TCP/1521 to CPC DB",
            "from_port": 1521,
            "id": "sgrule-1321830916",
            "ipv6_cidr_blocks": null,
            "prefix_list_ids": null,
            "protocol": "tcp",
            "security_group_id": "sg-05903335d8dacbac8",
            "self": false,
            "source_security_group_id": "sg-89c66df5",
            "to_port": 1521,
            "type": "egress"
          },
          "private": "eyJzY2hlbWFfdmVyc2lvbiI6IjIifQ==",
          "dependencies": [
            "data.terraform_remote_state.base",
            "data.terraform_remote_state.cpc",
            "module.cpc_batch.aws_security_group.main"
          ]
        }
      ]
    },
    {
      "mode": "managed",
      "type": "aws_security_group_rule",
      "name": "cpc_batch_egress_dvla_elise",
      "provider": "provider[\"registry.terraform.io/hashicorp/aws\"]",
      "instances": [
        {
          "schema_version": 2,
          "attributes": {
            "cidr_blocks": [
              "51.231.10.112/32"
            ],
            "description": "Allow TCP/443 to DVLA Elise",
            "from_port": 443,
            "id": "sgrule-2707296988",
            "ipv6_cidr_blocks": null,
            "prefix_list_ids": null,
            "protocol": "tcp",
            "security_group_id": "sg-05903335d8dacbac8",
            "self": false,
            "source_security_group_id": null,
            "to_port": 443,
            "type": "egress"
          },
          "private": "eyJzY2hlbWFfdmVyc2lvbiI6IjIifQ==",
          "dependencies": [
            "data.terraform_remote_state.base",
            "module.cpc_batch.aws_security_group.main"
          ]
        }
      ]
    },
    {
      "mode": "managed",
      "type": "aws_security_group_rule",
      "name": "cpc_batch_egress_kms_endpoint",
      "provider": "provider[\"registry.terraform.io/hashicorp/aws\"]",
      "instances": [
        {
          "schema_version": 2,
          "attributes": {
            "cidr_blocks": null,
            "description": "Allow use of KMS endpoint",
            "from_port": -1,
            "id": "sgrule-1633950928",
            "ipv6_cidr_blocks": null,
            "prefix_list_ids": null,
            "protocol": "-1",
            "security_group_id": "sg-05903335d8dacbac8",
            "self": false,
            "source_security_group_id": "sg-0e832d72",
            "to_port": -1,
            "type": "egress"
          },
          "private": "eyJzY2hlbWFfdmVyc2lvbiI6IjIifQ==",
          "dependencies": [
            "data.terraform_remote_state.base",
            "module.cpc_batch.aws_security_group.main"
          ]
        }
      ]
    },
    {
      "mode": "managed",
      "type": "aws_security_group_rule",
      "name": "cpc_batch_egress_tars_back_alb",
      "provider": "provider[\"registry.terraform.io/hashicorp/aws\"]",
      "instances": [
        {
          "schema_version": 2,
          "attributes": {
            "cidr_blocks": null,
            "description": "Allow TCP/8080 to TARS back ALB",
            "from_port": 8080,
            "id": "sgrule-1885761859",
            "ipv6_cidr_blocks": null,
            "prefix_list_ids": null,
            "protocol": "tcp",
            "security_group_id": "sg-05903335d8dacbac8",
            "self": false,
            "source_security_group_id": "sg-fc78d680",
            "to_port": 8080,
            "type": "egress"
          },
          "private": "eyJzY2hlbWFfdmVyc2lvbiI6IjIifQ==",
          "dependencies": [
            "data.terraform_remote_state.base",
            "data.terraform_remote_state.tars-core",
            "module.cpc_batch.aws_security_group.main"
          ]
        }
      ]
    },
    {
      "mode": "managed",
      "type": "aws_security_group_rule",
      "name": "cpc_db_ingress_cpc_batch",
      "provider": "provider[\"registry.terraform.io/hashicorp/aws\"]",
      "instances": [
        {
          "schema_version": 2,
          "attributes": {
            "cidr_blocks": null,
            "description": "Allow TCP/1521 from CPC Batch",
            "from_port": 1521,
            "id": "sgrule-1315807351",
            "ipv6_cidr_blocks": null,
            "prefix_list_ids": null,
            "protocol": "tcp",
            "security_group_id": "sg-89c66df5",
            "self": false,
            "source_security_group_id": "sg-05903335d8dacbac8",
            "to_port": 1521,
            "type": "ingress"
          },
          "private": "eyJzY2hlbWFfdmVyc2lvbiI6IjIifQ==",
          "dependencies": [
            "data.terraform_remote_state.base",
            "data.terraform_remote_state.cpc",
            "module.cpc_batch.aws_security_group.main"
          ]
        }
      ]
    },
    {
      "mode": "managed",
      "type": "aws_security_group_rule",
      "name": "cpc_egress_sftpplus_nlb",
      "provider": "provider[\"registry.terraform.io/hashicorp/aws\"]",
      "instances": [
        {
          "schema_version": 2,
          "attributes": {
            "cidr_blocks": [
              "10.167.2.208/28",
              "10.167.2.224/28",
              "10.167.2.240/28"
            ],
            "description": "Allow TCP/15021 from SFTPPlus to CPC Batch",
            "from_port": 15021,
            "id": "sgrule-1217354353",
            "ipv6_cidr_blocks": null,
            "prefix_list_ids": null,
            "protocol": "tcp",
            "security_group_id": "sg-05903335d8dacbac8",
            "self": false,
            "source_security_group_id": null,
            "to_port": 15021,
            "type": "egress"
          },
          "private": "eyJzY2hlbWFfdmVyc2lvbiI6IjIifQ==",
          "dependencies": [
            "data.terraform_remote_state.base",
            "module.cpc_batch.aws_security_group.main"
          ]
        }
      ]
    },
    {
      "mode": "managed",
      "type": "aws_security_group_rule",
      "name": "tars_back_alb_ingress_cpc_batch",
      "provider": "provider[\"registry.terraform.io/hashicorp/aws\"]",
      "instances": [
        {
          "schema_version": 2,
          "attributes": {
            "cidr_blocks": null,
            "description": "Allow TCP/8080 from CPC batch",
            "from_port": 8080,
            "id": "sgrule-3534428666",
            "ipv6_cidr_blocks": null,
            "prefix_list_ids": null,
            "protocol": "tcp",
            "security_group_id": "sg-fc78d680",
            "self": false,
            "source_security_group_id": "sg-05903335d8dacbac8",
            "to_port": 8080,
            "type": "ingress"
          },
          "private": "eyJzY2hlbWFfdmVyc2lvbiI6IjIifQ==",
          "dependencies": [
            "data.terraform_remote_state.base",
            "data.terraform_remote_state.tars-core",
            "module.cpc_batch.aws_security_group.main"
          ]
        }
      ]
    },
    {
      "module": "module.cpc_batch",
      "mode": "data",
      "type": "aws_iam_policy_document",
      "name": "bootstrap",
      "provider": "provider[\"registry.terraform.io/hashicorp/aws\"]",
      "instances": [
        {
          "schema_version": 0,
          "attributes": {
            "id": "532994113",
            "json": "{\n  \"Version\": \"2012-10-17\",\n  \"Statement\": [\n    {\n      \"Sid\": \"AllowLifecycleHookLaunchingCompletion\",\n      \"Effect\": \"Allow\",\n      \"Action\": \"autoscaling:CompleteLifecycleAction\",\n      \"Resource\": \"arn:aws:autoscaling:eu-west-1:652856684323:autoScalingGroup:c98f6f8d-244e-4876-ad3c-b729abe8b9a3:autoScalingGroupName/tars-opsdev-cpc/cpc-batch\"\n    },\n    {\n      \"Sid\": \"AllowAutoscalingDescribe\",\n      \"Effect\": \"Allow\",\n      \"Action\": [\n        \"autoscaling:DescribeLifecycleHooks\",\n        \"autoscaling:DescribeAutoScalingInstances\"\n      ],\n      \"Resource\": \"*\"\n    }\n  ]\n}",
            "override_json": null,
            "override_policy_documents": null,
            "policy_id": null,
            "source_json": null,
            "source_policy_documents": null,
            "statement": [
              {
                "actions": [
                  "autoscaling:CompleteLifecycleAction"
                ],
                "condition": [],
                "effect": "Allow",
                "not_actions": [],
                "not_principals": [],
                "not_resources": [],
                "principals": [],
                "resources": [
                  "arn:aws:autoscaling:eu-west-1:652856684323:autoScalingGroup:c98f6f8d-244e-4876-ad3c-b729abe8b9a3:autoScalingGroupName/tars-opsdev-cpc/cpc-batch"
                ],
                "sid": "AllowLifecycleHookLaunchingCompletion"
              },
              {
                "actions": [
                  "autoscaling:DescribeAutoScalingInstances",
                  "autoscaling:DescribeLifecycleHooks"
                ],
                "condition": [],
                "effect": "Allow",
                "not_actions": [],
                "not_principals": [],
                "not_resources": [],
                "principals": [],
                "resources": [
                  "*"
                ],
                "sid": "AllowAutoscalingDescribe"
              }
            ],
            "version": "2012-10-17"
          }
        }
      ]
    },
    {
      "module": "module.cpc_batch",
      "mode": "data",
      "type": "aws_iam_policy_document",
      "name": "cwl_ec2",
      "provider": "provider[\"registry.terraform.io/hashicorp/aws\"]",
      "instances": [
        {
          "schema_version": 0,
          "attributes": {
            "id": "3172286264",
            "json": "{\n  \"Version\": \"2012-10-17\",\n  \"Statement\": [\n    {\n      \"Sid\": \"AllowPutCloudwatchLogs\",\n      \"Effect\": \"Allow\",\n      \"Action\": [\n        \"logs:PutLogEvents\",\n        \"logs:DescribeLogStreams\",\n        \"logs:CreateLogStream\"\n      ],\n      \"Resource\": \"arn:aws:logs:eu-west-1:652856684323:log-group:/aws/ec2/tars-opsdev-cpc/cpc-batch/cloud-init-output:*\"\n    },\n    {\n      \"Sid\": \"AllowCreateLogGroup\",\n      \"Effect\": \"Allow\",\n      \"Action\": \"logs:CreateLogGroup\",\n      \"Resource\": \"*\"\n    }\n  ]\n}",
            "override_json": null,
            "override_policy_documents": null,
            "policy_id": null,
            "source_json": null,
            "source_policy_documents": null,
            "statement": [
              {
                "actions": [
                  "logs:CreateLogStream",
                  "logs:DescribeLogStreams",
                  "logs:PutLogEvents"
                ],
                "condition": [],
                "effect": "Allow",
                "not_actions": [],
                "not_principals": [],
                "not_resources": [],
                "principals": [],
                "resources": [
                  "arn:aws:logs:eu-west-1:652856684323:log-group:/aws/ec2/tars-opsdev-cpc/cpc-batch/cloud-init-output:*"
                ],
                "sid": "AllowPutCloudwatchLogs"
              },
              {
                "actions": [
                  "logs:CreateLogGroup"
                ],
                "condition": [],
                "effect": "Allow",
                "not_actions": [],
                "not_principals": [],
                "not_resources": [],
                "principals": [],
                "resources": [
                  "*"
                ],
                "sid": "AllowCreateLogGroup"
              }
            ],
            "version": "2012-10-17"
          }
        }
      ]
    },
    {
      "module": "module.cpc_batch",
      "mode": "data",
      "type": "aws_iam_policy_document",
      "name": "ec2_assume_role",
      "provider": "provider[\"registry.terraform.io/hashicorp/aws\"]",
      "instances": [
        {
          "schema_version": 0,
          "attributes": {
            "id": "1903849331",
            "json": "{\n  \"Version\": \"2012-10-17\",\n  \"Statement\": [\n    {\n      \"Sid\": \"\",\n      \"Effect\": \"Allow\",\n      \"Action\": \"sts:AssumeRole\",\n      \"Principal\": {\n        \"Service\": \"ec2.amazonaws.com\"\n      }\n    }\n  ]\n}",
            "override_json": null,
            "override_policy_documents": null,
            "policy_id": null,
            "source_json": null,
            "source_policy_documents": null,
            "statement": [
              {
                "actions": [
                  "sts:AssumeRole"
                ],
                "condition": [],
                "effect": "Allow",
                "not_actions": [],
                "not_principals": [],
                "not_resources": [],
                "principals": [
                  {
                    "identifiers": [
                      "ec2.amazonaws.com"
                    ],
                    "type": "Service"
                  }
                ],
                "resources": [],
                "sid": ""
              }
            ],
            "version": "2012-10-17"
          }
        }
      ]
    },
    {
      "module": "module.cpc_batch",
      "mode": "managed",
      "type": "aws_autoscaling_group",
      "name": "main",
      "provider": "provider[\"registry.terraform.io/hashicorp/aws\"]",
      "instances": [
        {
          "schema_version": 0,
          "attributes": {
            "arn": "arn:aws:autoscaling:eu-west-1:652856684323:autoScalingGroup:c98f6f8d-244e-4876-ad3c-b729abe8b9a3:autoScalingGroupName/tars-opsdev-cpc/cpc-batch",
            "availability_zones": [
              "eu-west-1a",
              "eu-west-1b",
              "eu-west-1c"
            ],
            "capacity_rebalance": false,
            "default_cooldown": 300,
            "desired_capacity": 0,
            "enabled_metrics": [
              "GroupDesiredCapacity",
              "GroupInServiceInstances",
              "GroupMaxSize",
              "GroupMinSize",
              "GroupPendingInstances",
              "GroupTerminatingInstances",
              "GroupTotalInstances"
            ],
            "force_delete": false,
            "force_delete_warm_pool": false,
            "health_check_grace_period": 300,
            "health_check_type": "EC2",
            "id": "tars-opsdev-cpc/cpc-batch",
            "initial_lifecycle_hook": [],
            "instance_refresh": [],
            "launch_configuration": "",
            "launch_template": [
              {
                "id": "lt-0ab506071d93630bd",
                "name": "tars-opsdev-cpc/cpc-batch-20210907065643228800000008",
                "version": "$Latest"
              }
            ],
            "load_balancers": null,
            "max_instance_lifetime": 0,
            "max_size": 1,
            "metrics_granularity": "1Minute",
            "min_elb_capacity": null,
            "min_size": 0,
            "mixed_instances_policy": [],
            "name": "tars-opsdev-cpc/cpc-batch",
            "name_prefix": "",
            "placement_group": "",
            "protect_from_scale_in": false,
            "service_linked_role_arn": "arn:aws:iam::652856684323:role/aws-service-role/autoscaling.amazonaws.com/AWSServiceRoleForAutoScaling",
            "suspended_processes": null,
            "tag": [],
            "tags": [
              {
                "key": "Component",
                "propagate_at_launch": "true",
                "value": "cpc"
              },
              {
                "key": "Environment",
                "propagate_at_launch": "true",
                "value": "opsdev"
              },
              {
                "key": "Group",
                "propagate_at_launch": "true",
                "value": "nonprod"
              },
              {
                "key": "Module",
                "propagate_at_launch": "true",
                "value": "microservice"
              },
              {
                "key": "Name",
                "propagate_at_launch": "true",
                "value": "tars-opsdev-cpc/cpc-batch"
              },
              {
                "key": "Nodetype",
                "propagate_at_launch": "true",
                "value": "cpc-batch"
              },
              {
                "key": "Project",
                "propagate_at_launch": "true",
                "value": "tars"
              }
            ],
            "target_group_arns": null,
            "termination_policies": [
              "OldestInstance",
              "OldestLaunchConfiguration",
              "ClosestToNextInstanceHour"
            ],
            "timeouts": null,
            "vpc_zone_identifier": [
              "subnet-cfd84387",
              "subnet-d54ec6b3",
              "subnet-f9408aa3"
            ],
            "wait_for_capacity_timeout": "10m",
            "wait_for_elb_capacity": null,
            "warm_pool": []
          },
          "private": "eyJlMmJmYjczMC1lY2FhLTExZTYtOGY4OC0zNDM2M2JjN2M0YzAiOnsiZGVsZXRlIjo2MDAwMDAwMDAwMDB9fQ=="
        }
      ]
    },
    {
      "module": "module.cpc_batch",
      "mode": "managed",
      "type": "aws_autoscaling_lifecycle_hook",
      "name": "launching",
      "provider": "provider[\"registry.terraform.io/hashicorp/aws\"]",
      "instances": [
        {
          "index_key": 0,
          "schema_version": 0,
          "attributes": {
            "autoscaling_group_name": "tars-opsdev-cpc/cpc-batch",
            "default_result": "ABANDON",
            "heartbeat_timeout": 500,
            "id": "tars-opsdev-cpc/cpc-batch/launching",
            "lifecycle_transition": "autoscaling:EC2_INSTANCE_LAUNCHING",
            "name": "tars-opsdev-cpc/cpc-batch/launching",
            "notification_metadata": "",
            "notification_target_arn": "",
            "role_arn": ""
          },
          "private": "bnVsbA=="
        }
      ]
    },
    {
      "module": "module.cpc_batch",
      "mode": "managed",
      "type": "aws_cloudwatch_event_rule",
      "name": "failed_lifecycle_actions",
      "provider": "provider[\"registry.terraform.io/hashicorp/aws\"]",
      "instances": [
        {
          "index_key": 0,
          "schema_version": 0,
          "attributes": {
            "arn": "arn:aws:events:eu-west-1:652856684323:rule/tars-opsdev-cpc-cpc-batch-failed-lifecycle-actions",
            "description": "Alert on failed autoscaling lifecycle actions",
            "event_bus_name": "default",
            "event_pattern": "{\"detail\":{\"AutoScalingGroupName\":[\"tars-opsdev-cpc/cpc-batch\"]},\"detail-type\":[\"EC2 Instance Launch Unsuccessful\",\"EC2 Instance Terminate Unsuccessful\"],\"source\":[\"aws.autoscaling\"]}",
            "id": "tars-opsdev-cpc-cpc-batch-failed-lifecycle-actions",
            "is_enabled": true,
            "name": "tars-opsdev-cpc-cpc-batch-failed-lifecycle-actions",
            "name_prefix": "",
            "role_arn": "",
            "schedule_expression": "",
            "tags": null,
            "tags_all": {}
          },
          "private": "bnVsbA=="
        }
      ]
    },
    {
      "module": "module.cpc_batch",
      "mode": "managed",
      "type": "aws_cloudwatch_event_target",
      "name": "sns",
      "provider": "provider[\"registry.terraform.io/hashicorp/aws\"]",
      "instances": [
        {
          "index_key": 0,
          "schema_version": 1,
          "attributes": {
            "arn": "arn:aws:sns:eu-west-1:652856684323:tars-opsdev-base-alerts",
            "batch_target": [],
            "dead_letter_config": [],
            "ecs_target": [],
            "event_bus_name": "default",
            "http_target": [],
            "id": "tars-opsdev-cpc-cpc-batch-failed-lifecycle-actions-tars-opsdev-cpc-cpc-batch-failed-lifecycle-actions-target",
            "input": "",
            "input_path": "",
            "input_transformer": [
              {
                "input_paths": {
                  "asg": "$.detail.AutoScalingGroupName",
                  "cause": "$.detail.EC2InstanceId",
                  "event": "$.detail.StatusMessage"
                },
                "input_template": "{\n  \"Matcher\":     \"AutoScaling\",\n  \"Description\": \u003casg\u003e,\n  \"Event\":       \u003cevent\u003e,\n  \"Cause\":       \u003ccause\u003e\n}"
              }
            ],
            "kinesis_target": [],
            "retry_policy": [],
            "role_arn": "",
            "rule": "tars-opsdev-cpc-cpc-batch-failed-lifecycle-actions",
            "run_command_targets": [],
            "sqs_target": [],
            "target_id": "tars-opsdev-cpc-cpc-batch-failed-lifecycle-actions-target"
          },
          "private": "eyJzY2hlbWFfdmVyc2lvbiI6IjEifQ=="
        }
      ]
    },
    {
      "module": "module.cpc_batch",
      "mode": "managed",
      "type": "aws_cloudwatch_log_group",
      "name": "ec2",
      "provider": "provider[\"registry.terraform.io/hashicorp/aws\"]",
      "instances": [
        {
          "index_key": 0,
          "schema_version": 0,
          "attributes": {
            "arn": "arn:aws:logs:eu-west-1:652856684323:log-group:/aws/ec2/tars-opsdev-cpc/cpc-batch/cloud-init-output",
            "id": "/aws/ec2/tars-opsdev-cpc/cpc-batch/cloud-init-output",
            "kms_key_id": "",
            "name": "/aws/ec2/tars-opsdev-cpc/cpc-batch/cloud-init-output",
            "name_prefix": null,
            "retention_in_days": 30,
            "tags": {
              "Component": "cpc",
              "Environment": "opsdev",
              "Module": "microservice",
              "Name": "/aws/ec2/tars-opsdev-cpc/cpc-batch/cloud-init-output",
              "Project": "tars"
            },
            "tags_all": {
              "Component": "cpc",
              "Environment": "opsdev",
              "Module": "microservice",
              "Name": "/aws/ec2/tars-opsdev-cpc/cpc-batch/cloud-init-output",
              "Project": "tars"
            }
          },
          "private": "bnVsbA=="
        }
      ]
    },
    {
      "module": "module.cpc_batch",
      "mode": "managed",
      "type": "aws_iam_instance_profile",
      "name": "main",
      "provider": "provider[\"registry.terraform.io/hashicorp/aws\"]",
      "instances": [
        {
          "schema_version": 0,
          "attributes": {
            "arn": "arn:aws:iam::652856684323:instance-profile/tars-opsdev-cpc-cpc-batch-20210907065639111200000003",
            "create_date": "2021-09-07T06:56:39Z",
            "id": "tars-opsdev-cpc-cpc-batch-20210907065639111200000003",
            "name": "tars-opsdev-cpc-cpc-batch-20210907065639111200000003",
            "name_prefix": "tars-opsdev-cpc-cpc-batch-",
            "path": "/",
            "role": "tars-opsdev-cpc-cpc-batch-20210907065637765300000002",
            "tags": null,
            "tags_all": {},
            "unique_id": "AIPAZQAKKN4R6DUNWRJGL"
          },
          "private": "bnVsbA==",
          "dependencies": [
            "module.cpc_batch.aws_iam_role.main",
            "module.cpc_batch.data.aws_iam_policy_document.ec2_assume_role"
          ],
          "create_before_destroy": true
        }
      ]
    },
    {
      "module": "module.cpc_batch",
      "mode": "managed",
      "type": "aws_iam_policy",
      "name": "bootstrap",
      "provider": "provider[\"registry.terraform.io/hashicorp/aws\"]",
      "instances": [
        {
          "index_key": 0,
          "schema_version": 0,
          "attributes": {
            "arn": "arn:aws:iam::652856684323:policy/tars-opsdev-cpc-cpc-batch-bootstrap-2021090706564828040000000a",
            "description": "",
            "id": "arn:aws:iam::652856684323:policy/tars-opsdev-cpc-cpc-batch-bootstrap-2021090706564828040000000a",
            "name": "tars-opsdev-cpc-cpc-batch-bootstrap-2021090706564828040000000a",
            "name_prefix": "tars-opsdev-cpc-cpc-batch-bootstrap-",
            "path": "/",
            "policy": "{\n  \"Version\": \"2012-10-17\",\n  \"Statement\": [\n    {\n      \"Sid\": \"AllowLifecycleHookLaunchingCompletion\",\n      \"Effect\": \"Allow\",\n      \"Action\": \"autoscaling:CompleteLifecycleAction\",\n      \"Resource\": \"arn:aws:autoscaling:eu-west-1:652856684323:autoScalingGroup:c98f6f8d-244e-4876-ad3c-b729abe8b9a3:autoScalingGroupName/tars-opsdev-cpc/cpc-batch\"\n    },\n    {\n      \"Sid\": \"AllowAutoscalingDescribe\",\n      \"Effect\": \"Allow\",\n      \"Action\": [\n        \"autoscaling:DescribeLifecycleHooks\",\n        \"autoscaling:DescribeAutoScalingInstances\"\n      ],\n      \"Resource\": \"*\"\n    }\n  ]\n}",
            "policy_id": "ANPAZQAKKN4RY2DMAYYU4",
            "tags": null,
            "tags_all": {}
          },
          "private": "bnVsbA=="
        }
      ]
    },
    {
      "module": "module.cpc_batch",
      "mode": "managed",
      "type": "aws_iam_policy",
      "name": "cwl_ec2",
      "provider": "provider[\"registry.terraform.io/hashicorp/aws\"]",
      "instances": [
        {
          "index_key": 0,
          "schema_version": 0,
          "attributes": {
            "arn": "arn:aws:iam::652856684323:policy/tars-opsdev-cpc-cpc-batch-cwl-ec2",
            "description": "",
            "id": "arn:aws:iam::652856684323:policy/tars-opsdev-cpc-cpc-batch-cwl-ec2",
            "name": "tars-opsdev-cpc-cpc-batch-cwl-ec2",
            "name_prefix": null,
            "path": "/",
            "policy": "{\n  \"Version\": \"2012-10-17\",\n  \"Statement\": [\n    {\n      \"Sid\": \"AllowPutCloudwatchLogs\",\n      \"Effect\": \"Allow\",\n      \"Action\": [\n        \"logs:PutLogEvents\",\n        \"logs:DescribeLogStreams\",\n        \"logs:CreateLogStream\"\n      ],\n      \"Resource\": \"arn:aws:logs:eu-west-1:652856684323:log-group:/aws/ec2/tars-opsdev-cpc/cpc-batch/cloud-init-output:*\"\n    },\n    {\n      \"Sid\": \"AllowCreateLogGroup\",\n      \"Effect\": \"Allow\",\n      \"Action\": \"logs:CreateLogGroup\",\n      \"Resource\": \"*\"\n    }\n  ]\n}",
            "policy_id": "ANPAZQAKKN4RWAQ2ED6KP",
            "tags": null,
            "tags_all": {}
          },
          "private": "bnVsbA==",
          "dependencies": [
            "module.cpc_batch.aws_cloudwatch_log_group.ec2",
            "module.cpc_batch.data.aws_iam_policy_document.cwl_ec2"
          ]
        }
      ]
    },
    {
      "module": "module.cpc_batch",
      "mode": "managed",
      "type": "aws_iam_role",
      "name": "main",
      "provider": "provider[\"registry.terraform.io/hashicorp/aws\"]",
      "instances": [
        {
          "schema_version": 0,
          "attributes": {
            "arn": "arn:aws:iam::652856684323:role/tars-opsdev-cpc-cpc-batch-20210907065637765300000002",
            "assume_role_policy": "{\"Version\":\"2012-10-17\",\"Statement\":[{\"Sid\":\"\",\"Effect\":\"Allow\",\"Principal\":{\"Service\":\"ec2.amazonaws.com\"},\"Action\":\"sts:AssumeRole\"}]}",
            "create_date": "2021-09-07T06:56:38Z",
            "description": "",
            "force_detach_policies": false,
            "id": "tars-opsdev-cpc-cpc-batch-20210907065637765300000002",
            "inline_policy": [
              {
                "name": "",
                "policy": ""
              }
            ],
            "managed_policy_arns": [],
            "max_session_duration": 3600,
            "name": "tars-opsdev-cpc-cpc-batch-20210907065637765300000002",
            "name_prefix": "tars-opsdev-cpc-cpc-batch-",
            "path": "/",
            "permissions_boundary": null,
            "tags": null,
            "tags_all": {},
            "unique_id": "AROAZQAKKN4RWR3JBU3B6"
          },
          "private": "bnVsbA==",
          "dependencies": [
            "module.cpc_batch.data.aws_iam_policy_document.ec2_assume_role"
          ],
          "create_before_destroy": true
        }
      ]
    },
    {
      "module": "module.cpc_batch",
      "mode": "managed",
      "type": "aws_iam_role_policy_attachment",
      "name": "aws_ssm_managed_instance_core",
      "provider": "provider[\"registry.terraform.io/hashicorp/aws\"]",
      "instances": [
        {
          "schema_version": 0,
          "attributes": {
            "id": "tars-opsdev-cpc-cpc-batch-20210907065637765300000002-20210907065639393700000004",
            "policy_arn": "arn:aws:iam::aws:policy/AmazonSSMManagedInstanceCore",
            "role": "tars-opsdev-cpc-cpc-batch-20210907065637765300000002"
          },
          "private": "bnVsbA==",
          "dependencies": [
            "module.cpc_batch.aws_iam_role.main",
            "module.cpc_batch.data.aws_iam_policy_document.ec2_assume_role"
          ]
        }
      ]
    },
    {
      "module": "module.cpc_batch",
      "mode": "managed",
      "type": "aws_iam_role_policy_attachment",
      "name": "bootstrap",
      "provider": "provider[\"registry.terraform.io/hashicorp/aws\"]",
      "instances": [
        {
          "index_key": 0,
          "schema_version": 0,
          "attributes": {
            "id": "tars-opsdev-cpc-cpc-batch-20210907065637765300000002-2021090706564956640000000b",
            "policy_arn": "arn:aws:iam::652856684323:policy/tars-opsdev-cpc-cpc-batch-bootstrap-2021090706564828040000000a",
            "role": "tars-opsdev-cpc-cpc-batch-20210907065637765300000002"
          },
          "private": "bnVsbA=="
        }
      ]
    },
    {
      "module": "module.cpc_batch",
      "mode": "managed",
      "type": "aws_iam_role_policy_attachment",
      "name": "cwl_ec2",
      "provider": "provider[\"registry.terraform.io/hashicorp/aws\"]",
      "instances": [
        {
          "index_key": 0,
          "schema_version": 0,
          "attributes": {
            "id": "tars-opsdev-cpc-cpc-batch-20210907065637765300000002-20210907065639441400000005",
            "policy_arn": "arn:aws:iam::652856684323:policy/tars-opsdev-cpc-cpc-batch-cwl-ec2",
            "role": "tars-opsdev-cpc-cpc-batch-20210907065637765300000002"
          },
          "private": "bnVsbA==",
          "dependencies": [
            "module.cpc_batch.aws_cloudwatch_log_group.ec2",
            "module.cpc_batch.aws_iam_policy.cwl_ec2",
            "module.cpc_batch.aws_iam_role.main",
            "module.cpc_batch.data.aws_iam_policy_document.cwl_ec2",
            "module.cpc_batch.data.aws_iam_policy_document.ec2_assume_role"
          ]
        }
      ]
    },
    {
      "module": "module.cpc_batch",
      "mode": "managed",
      "type": "aws_launch_template",
      "name": "main",
      "provider": "provider[\"registry.terraform.io/hashicorp/aws\"]",
      "instances": [
        {
          "schema_version": 0,
          "attributes": {
            "arn": "arn:aws:ec2:eu-west-1:652856684323:launch-template/lt-0ab506071d93630bd",
            "block_device_mappings": [
              {
                "device_name": "/dev/xvda",
                "ebs": [
                  {
                    "delete_on_termination": "",
                    "encrypted": "",
                    "iops": 0,
                    "kms_key_id": "",
                    "snapshot_id": "",
                    "throughput": 0,
                    "volume_size": 16,
                    "volume_type": "gp3"
                  }
                ],
                "no_device": "",
                "virtual_name": ""
              }
            ],
            "capacity_reservation_specification": [],
            "cpu_options": [],
            "credit_specification": [],
            "default_version": 1,
            "description": "",
            "disable_api_termination": false,
            "ebs_optimized": "",
            "elastic_gpu_specifications": [],
            "elastic_inference_accelerator": [],
            "enclave_options": [],
            "hibernation_options": [],
            "iam_instance_profile": [
              {
                "arn": "",
                "name": "tars-opsdev-cpc-cpc-batch-20210907065639111200000003"
              }
            ],
            "id": "lt-0ab506071d93630bd",
            "image_id": "ami-007a146332acaeb06",
            "instance_initiated_shutdown_behavior": "",
            "instance_market_options": [
              {
                "market_type": "spot",
                "spot_options": [
                  {
                    "block_duration_minutes": 0,
                    "instance_interruption_behavior": "",
                    "max_price": "0.0081",
                    "spot_instance_type": "",
                    "valid_until": ""
                  }
                ]
              }
            ],
            "instance_type": "m3.medium",
            "kernel_id": "",
            "key_name": "",
            "latest_version": 1,
            "license_specification": [],
            "metadata_options": [],
            "monitoring": [],
            "name": "tars-opsdev-cpc/cpc-batch-20210907065643228800000008",
            "name_prefix": "tars-opsdev-cpc/cpc-batch-",
            "network_interfaces": [],
            "placement": [],
            "ram_disk_id": "",
            "security_group_names": null,
            "tag_specifications": [
              {
                "resource_type": "volume",
                "tags": {
                  "Component": "cpc",
                  "Environment": "opsdev",
                  "Module": "microservice",
                  "Name": "tars-opsdev-cpc/cpc-batch",
                  "Nodetype": "cpc-batch",
                  "Project": "tars"
                }
              }
            ],
            "tags": null,
            "tags_all": {},
            "update_default_version": null,
            "user_data": "H4sIAAAAAAAA/8w5bVPbRrffNZP/cCroCLdIsoGSxAztEEJTZnjpALmd+0DGs5aO7C3Srrq7snGC//udsysZOZiE5PbDw4fAas85e97fciiFQWHCq1mJfSiq3PCSKRMX/A7TPRjKSqRMzfb90+PTozfn78/eHlz8r+/RKfwfVJpL0Yde1H3hvfDCsA30wlvQVkzoDFV4JBKZcjHqw8shNy0A+7jBOxMnuazSMJEi46MX3ikv8NEza20YbyilSYq07wGE4GMylhBcH5/9fv4BDsoyn3ExghomiqLAd3BjqY1gBUJSJuGQmWQcrh+fXV4dnB0eDY7fRrLUKU4iw5SOUpyE6UQz+2xU3dYkNKYQcrjxe3x9I6lUDmGmYWxM2Y/j3u7raOuXnaj+HefMoDZxgYaFKTMszmXC8pCXk53O9/DwBM6NDzGaJCbx9DKfIUIQ/3F+eXV2cHq0H6eBg9Qz7RQZCzRTqRrprCJv/AXCd/B448Ovvz75iqrE18zmQFpWs7S44CZKY14aNsxRgzaybO71kIs4Gd+6x2ABI7PM90qFGtUEB43x+2BUhZ7CUg6qcqRYin0QUqCXccHyQYFasxH2wa85u5xpgwU46pVihksBGRdcjzH9wf+XQuAu1GPMc50oXpqnYuCHmEQdMj2Gn+88L6tEYrnJ5Qg2OvDJA0iYRljvARceAIBPMvgd+zfAyfm7weH5yfnFvn/T3d6+fr1b+Ht7DvDo4uL84knI7d4D5F8HF2dPk9wufGggL98fHh5dXj5NdesB+KengHoNDGqWePSb/CZE8Nc/LWDncL2+kTKDnQ+w/qk378P6lsXuFj7cg0GEkIEfT5iKczmKKTloo1gZ5XLke/OWMlEpqRp1kmZr1YC/3iOXwztuCGEN/pyZsRTANZgxwhC1gSEaMBI0yzCfAeqElWhviRDlAG8NMqngby0FuZSuipJejdwXroGBNimUjnTOh6AleGtQcMELlkOKJYoURTIDhf9UXGGBwugH9onOoH64FgKgVFyYDIIfdWDFgPvmhTCBgBelVMZibuqZ3nPgG3SO0qoo9Yae6UiblItIIUs3Op1OQCrAO4vIpnrfX9+YjnkypgPc3zsjBXGllfVZNtVBx99rMChzPqDYPPoYhz5bJG8NjoU2TCQIx29hiCM0GliegxlzMdJRFHmk34CcPYDgAo3iOKFs0sbLlCzgFA0jOwR7Hq/vBjwlXtY/0YNzCJ+fzxsKIU+JT57BNax/+m0OoUDowoc9Mj0FovMp/3fGc0zJQZRjEdsM+ntextuC+K3LPqx/ajE8d2p5hwYOK6VQGDj46xIucEQ+wAVIlaKil1IJTMysoqDSmFX5s9SVojDczOCtTCrysC9pz4EO0hr0m5SZzgQreNJWpSMXN+Sepdl/8T3y0lxjHfyNkr6gmVp/mAZ7lJ6UtQEpwfqzv2S3z1Q1p0j8+x8IFUQOz/o7wNMCNyIHf//T/5K9ElnlKQhJOQlKpqgjoMyT1O7iXCWwidWJuySwX7tS46gpOaBjkXwPIOOW0TU4ZbcI3ACbMJ5T5SWvo5RHDpnkfA+mYwkCMdU2NZaY8GxmIRw9KJioWJ7PgLLvBNUMNBejHCFheb7xW8cmXZs3Dv66HLw9+v3g/cnV4OLo3fH52b7fZssy5cLCclAZqROWk2u/U7Iq4YzavxC4CSjTDrmBlCszg2FlSAbqUnTkMT0aUK/gPJlN9RxYi1SKVKaHGNLHsP4aNlbWcEONyeL8mQfM/fpeVqasXNa1XxaOQFxfOqKNffV190P7uxWGZLHu8rXoCFbkHVJPW6aRVY/tjslLzJhraLgOVkWEf3D5zsEvuUijuhXWOGGVSGweOuEZHs6SHOEPKW+dURavEt2NU3ZLgJZL3RRJOioMNEhhnQVhLOXtDx0v5xkmRG9AH55lugVKSCiNzZYMalUSWhH9tmBfsV8QnTS0STp9/QHuQWOOidl4uLK9ISep9vf9Fof9o8OtwaLZPjl4f3b4x/HZO78D97BMmLQWPMv+q+rOQn6rw7bhl/ziCXbALNhfhdXypkdOscKTTlbwsuRUK+w79xv3+lOh7YQ0NwhcZFIVrkcfMesvKYTUMnABi6av5GLkeW/Oz68ury4O/hzUfep+z/Ps4HREs5Ov4+CahR+74esPn17Nb8LFYWfFIXt809uaB3Hw8nWvt9PF7bCXvOyGO+lWL3y9s52F3e7L5PVW0sPeyzSIR/UMhzNW5LGbNSL6myQ8ErpSLmRTrjAxUs2oDdVGe8VtyhWEJcSY6UW41cmbiRQO/uNKN2Xjo8MtWHQvEfyFdZUwlMLrZMwoMRosSiqYVDhYgQbVpk2R07HNzQk+kKGeNWFCCp6w/LemwXsogm5I/v+X5VWFsuk/Pz7/oYfmrcxZYpvnuK5cPOdmFn6UAuum8+r87XkfSmTJGGdFHw6lmKCyDf7Bf0Iuml7cwPuLE28NLtFAISthltyQC2faTBs2hBCmGCiESuT8lmYEG5TkmZtNEUqYCAyMK/cSOuNz0mnBuNBe01awj/Mo0+Ew29lOd14NI8x0tCiGESvYRynYVEeJLPqx9Q8Qmd6hfyao9P5O1NtUmn/E/V5359UvL3c3p0unMVPppuEFyv3dbneTIpIJvb8FXeg+TPlWLNLWqZWcnLQZlSnlMDVCY3PEG2aSsef0Q8wQzuWYZ8alfSPBrXho1K9JgI2AjCVGD0pmxvt+LEsTl1VZosnZUMd0h8r+0lHqO92EAgIUE66kIPv2wS0sAmpxfiXNPVCcxy1AG3AtGkKmaOyIvliEBLD4eUSpAf+cDJvqAUsSErwPu79svfpld/fVzvbWdvCYRgv2czKpJPPbXUWpZLp6/bKCpMOrqXlJCk6HLLlFFTpVhgXTBlWOWnvLo0ElBOVzB2Zt1NgWWooLPO9zw9AAV2OxssxnddGcoBpKjfUpRWMrU0gzdSLTRe9UyLTK0Zo8+CK7sYMMu/1ngfWC+oExR8UGTpivPWFhrf4c9ldeYoJnqI2OqSBFZel5bidD9dluZXbvd+57nUXDvVgv/OnUpSoBmSvYU27Gdt8ApBxLwrd4j0tX1+1IfmrRtaufJbKJLMocDaZ2o+L2KXXz8IjiHEL8B3qtZsI6Rn0bQPCmqaYLsjbMVwXNUtG34i7hsyETad1JrETPeF2Y7UbT1/cUAJXdd9y72L6nAkp2YVMdu9QX2piY2vUlG1Gep3T1xF1kZJF77VXjAwQo1IYpYxMWef7UFs0hQi4nlMJ5BikVS1dMR3xC6Z3fAeVO8NaoAhQ8z7nGRIpUe/RdG1aU++sbG25tBT8HP2r4CXrdbhd+hh/DM4jtodvtBp1Oh6JyQGWLKl17xUOFjxlYLLYecmjdoEa5HHX8ju/VdcP3vWsP6r3Qjb/g5canTmtxnG/WAPU+1F03XMw9gLn3wfd9+LX19jQPH96PzJ3xPDbVZHYNiUJmMMzlKNRGISvqSKzbjkXhqj8TXKsBt3bFZCumrBc6m4dJmcQLL3kseYuSe9GRWp7GWhyWlbHAOEFh9H8Hey2gmq2M59iP4y8qvZ3CD11wUhZ/6PmZjZ3gW6J/xTDVxH1rmHKELdf0Ez66ChXqKjdweH52dXz2/qgF2ur9Vs/Mn1OkYWAxn62cEVpozx/t6Of+/vHsvEhzy7PTw3T8HSp6WkEHbw7O3p6fLeCeoZ3v0s23aebb9EJ5+/P/HgnDF97/BQAA///QbAQBgBwAAA==",
            "vpc_security_group_ids": [
              "sg-05903335d8dacbac8",
              "sg-e1802e9d"
            ]
          },
          "private": "bnVsbA==",
          "create_before_destroy": true
        }
      ]
    },
    {
      "module": "module.cpc_batch",
      "mode": "managed",
      "type": "aws_security_group",
      "name": "main",
      "provider": "provider[\"registry.terraform.io/hashicorp/aws\"]",
      "instances": [
        {
          "schema_version": 1,
          "attributes": {
            "arn": "arn:aws:ec2:eu-west-1:652856684323:security-group/sg-05903335d8dacbac8",
            "description": "tars-opsdev-cpc/cpc-batch",
            "egress": [],
            "id": "sg-05903335d8dacbac8",
            "ingress": [],
            "name": "tars-opsdev-cpc/cpc-batch",
            "name_prefix": "",
            "owner_id": "652856684323",
            "revoke_rules_on_delete": false,
            "tags": {
              "Component": "cpc",
              "Environment": "opsdev",
              "Module": "microservice",
              "Name": "tars-opsdev-cpc/cpc-batch",
              "Project": "tars"
            },
            "tags_all": {
              "Component": "cpc",
              "Environment": "opsdev",
              "Module": "microservice",
              "Name": "tars-opsdev-cpc/cpc-batch",
              "Project": "tars"
            },
            "timeouts": null,
            "vpc_id": "vpc-91eab8f7"
          },
          "private": "eyJlMmJmYjczMC1lY2FhLTExZTYtOGY4OC0zNDM2M2JjN2M0YzAiOnsiY3JlYXRlIjo2MDAwMDAwMDAwMDAsImRlbGV0ZSI6OTAwMDAwMDAwMDAwfSwic2NoZW1hX3ZlcnNpb24iOiIxIn0=",
          "dependencies": [
            "data.terraform_remote_state.base"
          ],
          "create_before_destroy": true
        }
      ]
    }
  ]
}
